
Microsoft Visual Studio Solution File, Format Version 12.00
# Visual Studio Version 16
VisualStudioVersion = 16.0.31729.503
MinimumVisualStudioVersion = 10.0.40219.1
Project("{FAE04EC0-301F-11D3-BF4B-00C04F79EFBC}") = "OnlineShoping", "OnlineShoping\OnlineShoping.csproj", "{BCB55162-1F68-4BBF-BA21-7B72BD5620D4}"
EndProject
Global
	GlobalSection(SolutionConfigurationPlatforms) = preSolution
		Debug|Any CPU = Debug|Any CPU
		Release|Any CPU = Release|Any CPU
	EndGlobalSection
	GlobalSection(ProjectConfigurationPlatforms) = postSolution
		{BCB55162-1F68-4BBF-BA21-7B72BD5620D4}.Debug|Any CPU.ActiveCfg = Debug|Any CPU
		{BCB55162-1F68-4BBF-BA21-7B72BD5620D4}.Debug|Any CPU.Build.0 = Debug|Any CPU
		{BCB55162-1F68-4BBF-BA21-7B72BD5620D4}.Release|Any CPU.ActiveCfg = Release|Any CPU
		{BCB55162-1F68-4BBF-BA21-7B72BD5620D4}.Release|Any CPU.Build.0 = Release|Any CPU
	EndGlobalSection
	GlobalSection(SolutionProperties) = preSolution
		HideSolutionNode = FALSE
	EndGlobalSection
	GlobalSection(ExtensibilityGlobals) = postSolution
		SolutionGuid = {5CB225A4-CB63-4E30-A4EA-D2653EA71D49}
	EndGlobalSection
EndGlobal
